
Microsoft Visual Studio Solution File, Format Version 12.00
# Visual Studio 15
Project("{FAE04EC0-301F-11D3-BF4B-00C04F79EFBC}") = "PalindromeDescendant", "PalindromeDescendant\PalindromeDescendant.csproj", "{4D88B87F-B1E1-4609-B167-B80C462C31A0}"
EndProject
Project("{FAE04EC0-301F-11D3-BF4B-00C04F79EFBC}") = "WardenAnd23Prisoners", "WardenAnd23Prisoners\WardenAnd23Prisoners.csproj", "{0D1D0A6B-D418-4BC0-908F-5E175FFC5F8F}"
EndProject
Project("{FAE04EC0-301F-11D3-BF4B-00C04F79EFBC}") = "MazeWalker", "MazeWalker\MazeWalker.csproj", "{BCC4FF7F-7A65-4A57-BED0-D5504A1B5ACF}"
EndProject
Project("{FAE04EC0-301F-11D3-BF4B-00C04F79EFBC}") = "ReverseToMakeEqual", "ReverseToMakeEqual\ReverseToMakeEqual.csproj", "{EA37A598-AC8A-47C5-BAC8-77F8E2FC8F8B}"
EndProject
Project("{FAE04EC0-301F-11D3-BF4B-00C04F79EFBC}") = "PassingYearbooks", "PassingYearbooks\PassingYearbooks.csproj", "{0AC9ED59-3101-4A30-A612-0E8A512C591B}"
EndProject
Project("{FAE04EC0-301F-11D3-BF4B-00C04F79EFBC}") = "MinumumSwaps", "MinumumSwaps\MinumumSwaps.csproj", "{617263AC-7934-4279-B3B5-70FB2605A8D5}"
EndProject
Project("{FAE04EC0-301F-11D3-BF4B-00C04F79EFBC}") = "RotationalCipher", "RotationalCipher\RotationalCipher.csproj", "{53DEDA92-4993-4035-BC97-AD2A6DA7C7DF}"
EndProject
Project("{FAE04EC0-301F-11D3-BF4B-00C04F79EFBC}") = "PoisonousPlants", "PoisonousPlants\PoisonousPlants.csproj", "{E793FB04-E496-488F-AD1F-BDD57772A279}"
EndProject
Project("{FAE04EC0-301F-11D3-BF4B-00C04F79EFBC}") = "BalancedBrackets", "BalancedBrackets\BalancedBrackets.csproj", "{1940B1D8-6FE2-451E-80D1-F12EA660A597}"
EndProject
Project("{FAE04EC0-301F-11D3-BF4B-00C04F79EFBC}") = "ContiguousSubArrays", "ContiguousSubArrays\ContiguousSubArrays.csproj", "{5BAE0938-FA07-4CAF-8748-5C949C22FACE}"
EndProject
Project("{FAE04EC0-301F-11D3-BF4B-00C04F79EFBC}") = "ClosestPointsToOrigin", "ClosestPointsToOrigin\ClosestPointsToOrigin.csproj", "{8D9F9B9C-A70B-4964-97C2-A538B360518C}"
EndProject
Project("{FAE04EC0-301F-11D3-BF4B-00C04F79EFBC}") = "FibonacciSequence", "FibonacciSequence\FibonacciSequence.csproj", "{C5D934B8-597C-4E22-9028-5FD090837487}"
EndProject
Project("{FAE04EC0-301F-11D3-BF4B-00C04F79EFBC}") = "LexicographicalPermutation", "LexicographicalPermutation\LexicographicalPermutation.csproj", "{1D07825C-4BF6-476E-B365-F907F1CF1968}"
EndProject
Global
	GlobalSection(SolutionConfigurationPlatforms) = preSolution
		Debug|x86 = Debug|x86
		Release|x86 = Release|x86
	EndGlobalSection
	GlobalSection(ProjectConfigurationPlatforms) = postSolution
		{4D88B87F-B1E1-4609-B167-B80C462C31A0}.Debug|x86.ActiveCfg = Debug|x86
		{4D88B87F-B1E1-4609-B167-B80C462C31A0}.Debug|x86.Build.0 = Debug|x86
		{4D88B87F-B1E1-4609-B167-B80C462C31A0}.Release|x86.ActiveCfg = Release|x86
		{4D88B87F-B1E1-4609-B167-B80C462C31A0}.Release|x86.Build.0 = Release|x86
		{0D1D0A6B-D418-4BC0-908F-5E175FFC5F8F}.Debug|x86.ActiveCfg = Debug|x86
		{0D1D0A6B-D418-4BC0-908F-5E175FFC5F8F}.Debug|x86.Build.0 = Debug|x86
		{0D1D0A6B-D418-4BC0-908F-5E175FFC5F8F}.Release|x86.ActiveCfg = Release|x86
		{0D1D0A6B-D418-4BC0-908F-5E175FFC5F8F}.Release|x86.Build.0 = Release|x86
		{BCC4FF7F-7A65-4A57-BED0-D5504A1B5ACF}.Debug|x86.ActiveCfg = Debug|x86
		{BCC4FF7F-7A65-4A57-BED0-D5504A1B5ACF}.Debug|x86.Build.0 = Debug|x86
		{BCC4FF7F-7A65-4A57-BED0-D5504A1B5ACF}.Release|x86.ActiveCfg = Release|x86
		{BCC4FF7F-7A65-4A57-BED0-D5504A1B5ACF}.Release|x86.Build.0 = Release|x86
		{EA37A598-AC8A-47C5-BAC8-77F8E2FC8F8B}.Debug|x86.ActiveCfg = Debug|Any CPU
		{EA37A598-AC8A-47C5-BAC8-77F8E2FC8F8B}.Debug|x86.Build.0 = Debug|Any CPU
		{EA37A598-AC8A-47C5-BAC8-77F8E2FC8F8B}.Release|x86.ActiveCfg = Release|Any CPU
		{EA37A598-AC8A-47C5-BAC8-77F8E2FC8F8B}.Release|x86.Build.0 = Release|Any CPU
		{0AC9ED59-3101-4A30-A612-0E8A512C591B}.Debug|x86.ActiveCfg = Debug|x86
		{0AC9ED59-3101-4A30-A612-0E8A512C591B}.Debug|x86.Build.0 = Debug|x86
		{0AC9ED59-3101-4A30-A612-0E8A512C591B}.Release|x86.ActiveCfg = Release|x86
		{0AC9ED59-3101-4A30-A612-0E8A512C591B}.Release|x86.Build.0 = Release|x86
		{617263AC-7934-4279-B3B5-70FB2605A8D5}.Debug|x86.ActiveCfg = Debug|x86
		{617263AC-7934-4279-B3B5-70FB2605A8D5}.Debug|x86.Build.0 = Debug|x86
		{617263AC-7934-4279-B3B5-70FB2605A8D5}.Release|x86.ActiveCfg = Release|x86
		{617263AC-7934-4279-B3B5-70FB2605A8D5}.Release|x86.Build.0 = Release|x86
		{53DEDA92-4993-4035-BC97-AD2A6DA7C7DF}.Debug|x86.ActiveCfg = Debug|x86
		{53DEDA92-4993-4035-BC97-AD2A6DA7C7DF}.Debug|x86.Build.0 = Debug|x86
		{53DEDA92-4993-4035-BC97-AD2A6DA7C7DF}.Release|x86.ActiveCfg = Release|x86
		{53DEDA92-4993-4035-BC97-AD2A6DA7C7DF}.Release|x86.Build.0 = Release|x86
		{E793FB04-E496-488F-AD1F-BDD57772A279}.Debug|x86.ActiveCfg = Debug|x86
		{E793FB04-E496-488F-AD1F-BDD57772A279}.Debug|x86.Build.0 = Debug|x86
		{E793FB04-E496-488F-AD1F-BDD57772A279}.Release|x86.ActiveCfg = Release|x86
		{E793FB04-E496-488F-AD1F-BDD57772A279}.Release|x86.Build.0 = Release|x86
		{1940B1D8-6FE2-451E-80D1-F12EA660A597}.Debug|x86.ActiveCfg = Debug|x86
		{1940B1D8-6FE2-451E-80D1-F12EA660A597}.Debug|x86.Build.0 = Debug|x86
		{1940B1D8-6FE2-451E-80D1-F12EA660A597}.Release|x86.ActiveCfg = Release|x86
		{1940B1D8-6FE2-451E-80D1-F12EA660A597}.Release|x86.Build.0 = Release|x86
		{5BAE0938-FA07-4CAF-8748-5C949C22FACE}.Debug|x86.ActiveCfg = Debug|x86
		{5BAE0938-FA07-4CAF-8748-5C949C22FACE}.Debug|x86.Build.0 = Debug|x86
		{5BAE0938-FA07-4CAF-8748-5C949C22FACE}.Release|x86.ActiveCfg = Release|x86
		{5BAE0938-FA07-4CAF-8748-5C949C22FACE}.Release|x86.Build.0 = Release|x86
		{8D9F9B9C-A70B-4964-97C2-A538B360518C}.Debug|x86.ActiveCfg = Debug|x86
		{8D9F9B9C-A70B-4964-97C2-A538B360518C}.Debug|x86.Build.0 = Debug|x86
		{8D9F9B9C-A70B-4964-97C2-A538B360518C}.Release|x86.ActiveCfg = Release|x86
		{8D9F9B9C-A70B-4964-97C2-A538B360518C}.Release|x86.Build.0 = Release|x86
		{C5D934B8-597C-4E22-9028-5FD090837487}.Debug|x86.ActiveCfg = Debug|x86
		{C5D934B8-597C-4E22-9028-5FD090837487}.Debug|x86.Build.0 = Debug|x86
		{C5D934B8-597C-4E22-9028-5FD090837487}.Release|x86.ActiveCfg = Release|x86
		{C5D934B8-597C-4E22-9028-5FD090837487}.Release|x86.Build.0 = Release|x86
		{1D07825C-4BF6-476E-B365-F907F1CF1968}.Debug|x86.ActiveCfg = Debug|x86
		{1D07825C-4BF6-476E-B365-F907F1CF1968}.Debug|x86.Build.0 = Debug|x86
		{1D07825C-4BF6-476E-B365-F907F1CF1968}.Release|x86.ActiveCfg = Release|x86
		{1D07825C-4BF6-476E-B365-F907F1CF1968}.Release|x86.Build.0 = Release|x86
	EndGlobalSection
EndGlobal
